
Microsoft Visual Studio Solution File, Format Version 12.00
# Visual Studio Version 17
VisualStudioVersion = 17.0.32014.148
MinimumVisualStudioVersion = 10.0.40219.1
Project("{FAE04EC0-301F-11D3-BF4B-00C04F79EFBC}") = "TPoliCustomControls", "TPoliCustomControls\TPoliCustomControls.csproj", "{90F24A93-FDBD-4B8C-ABF2-D875EEA5EF98}"
EndProject
Project("{FAE04EC0-301F-11D3-BF4B-00C04F79EFBC}") = "TPoliCustomControls_demo", "TPoliCustomControls_demo\TPoliCustomControls_demo.csproj", "{A3B6C8FA-E583-460A-B590-21BB3F787CE0}"
EndProject
Global
	GlobalSection(SolutionConfigurationPlatforms) = preSolution
		Debug|Any CPU = Debug|Any CPU
		Release|Any CPU = Release|Any CPU
	EndGlobalSection
	GlobalSection(ProjectConfigurationPlatforms) = postSolution
		{90F24A93-FDBD-4B8C-ABF2-D875EEA5EF98}.Debug|Any CPU.ActiveCfg = Debug|Any CPU
		{90F24A93-FDBD-4B8C-ABF2-D875EEA5EF98}.Debug|Any CPU.Build.0 = Debug|Any CPU
		{90F24A93-FDBD-4B8C-ABF2-D875EEA5EF98}.Release|Any CPU.ActiveCfg = Release|Any CPU
		{90F24A93-FDBD-4B8C-ABF2-D875EEA5EF98}.Release|Any CPU.Build.0 = Release|Any CPU
		{A3B6C8FA-E583-460A-B590-21BB3F787CE0}.Debug|Any CPU.ActiveCfg = Debug|Any CPU
		{A3B6C8FA-E583-460A-B590-21BB3F787CE0}.Debug|Any CPU.Build.0 = Debug|Any CPU
		{A3B6C8FA-E583-460A-B590-21BB3F787CE0}.Release|Any CPU.ActiveCfg = Release|Any CPU
		{A3B6C8FA-E583-460A-B590-21BB3F787CE0}.Release|Any CPU.Build.0 = Release|Any CPU
	EndGlobalSection
	GlobalSection(SolutionProperties) = preSolution
		HideSolutionNode = FALSE
	EndGlobalSection
	GlobalSection(ExtensibilityGlobals) = postSolution
		SolutionGuid = {A140FFA2-0233-4432-BD91-266A306A0130}
	EndGlobalSection
EndGlobal
